// !$*UTF8*$!
{
	archiveVersion = 1;
	classes = {
	};
	objectVersion = 77;
	objects = {

/* Begin PBXBuildFile section */
		4EB53F542D76A6B6004C85E9 /* Assets.xcassets in Resources */ = {isa = PBXBuildFile; fileRef = 4EB53F532D76A6B6004C85E9 /* Assets.xcassets */; };
/* End PBXBuildFile section */

/* Begin PBXBuildRule section */
		4EB53F552D76AE38004C85E9 /* PBXBuildRule */ = {
			isa = PBXBuildRule;
			compilerSpec = com.apple.compilers.proxy.script;
			fileType = folder.rkassets;
			inputFiles = (
			);
			isEditable = 1;
			outputFiles = (
			);
			script = "# realitytool\n";
		};
/* End PBXBuildRule section */

/* Begin PBXContainerItemProxy section */
		4EB53F2A2D7643F5004C85E9 /* PBXContainerItemProxy */ = {
			isa = PBXContainerItemProxy;
			containerPortal = 4EB53F0E2D7643F4004C85E9 /* Project object */;
			proxyType = 1;
			remoteGlobalIDString = 4EB53F152D7643F4004C85E9;
			remoteInfo = Fetch_TakeHome;
		};
		4EB53F342D7643F5004C85E9 /* PBXContainerItemProxy */ = {
			isa = PBXContainerItemProxy;
			containerPortal = 4EB53F0E2D7643F4004C85E9 /* Project object */;
			proxyType = 1;
			remoteGlobalIDString = 4EB53F152D7643F4004C85E9;
			remoteInfo = Fetch_TakeHome;
		};
/* End PBXContainerItemProxy section */

/* Begin PBXFileReference section */
		4EB53F162D7643F4004C85E9 /* Fetch_TakeHome.app */ = {isa = PBXFileReference; explicitFileType = wrapper.application; includeInIndex = 0; path = Fetch_TakeHome.app; sourceTree = BUILT_PRODUCTS_DIR; };
		4EB53F292D7643F5004C85E9 /* Fetch_TakeHomeTests.xctest */ = {isa = PBXFileReference; explicitFileType = wrapper.cfbundle; includeInIndex = 0; path = Fetch_TakeHomeTests.xctest; sourceTree = BUILT_PRODUCTS_DIR; };
		4EB53F332D7643F5004C85E9 /* Fetch_TakeHomeUITests.xctest */ = {isa = PBXFileReference; explicitFileType = wrapper.cfbundle; includeInIndex = 0; path = Fetch_TakeHomeUITests.xctest; sourceTree = BUILT_PRODUCTS_DIR; };
		4EB53F532D76A6B6004C85E9 /* Assets.xcassets */ = {isa = PBXFileReference; lastKnownFileType = folder.assetcatalog; path = Assets.xcassets; sourceTree = "<group>"; };
/* End PBXFileReference section */

/* Begin PBXFileSystemSynchronizedRootGroup section */
		4EB53F182D7643F4004C85E9 /* Fetch_TakeHome */ = {
			isa = PBXFileSystemSynchronizedRootGroup;
			path = Fetch_TakeHome;
			sourceTree = "<group>";
		};
		4EB53F2C2D7643F5004C85E9 /* Fetch_TakeHomeTests */ = {
			isa = PBXFileSystemSynchronizedRootGroup;
			path = Fetch_TakeHomeTests;
			sourceTree = "<group>";
		};
		4EB53F362D7643F5004C85E9 /* Fetch_TakeHomeUITests */ = {
			isa = PBXFileSystemSynchronizedRootGroup;
			path = Fetch_TakeHomeUITests;
			sourceTree = "<group>";
		};
/* End PBXFileSystemSynchronizedRootGroup section */

/* Begin PBXFrameworksBuildPhase section */
		4EB53F132D7643F4004C85E9 /* Frameworks */ = {
			isa = PBXFrameworksBuildPhase;
			buildActionMask = 2147483647;
			files = (
			);
			runOnlyForDeploymentPostprocessing = 0;
		};
		4EB53F262D7643F5004C85E9 /* Frameworks */ = {
			isa = PBXFrameworksBuildPhase;
			buildActionMask = 2147483647;
			files = (
			);
			runOnlyForDeploymentPostprocessing = 0;
		};
		4EB53F302D7643F5004C85E9 /* Frameworks */ = {
			isa = PBXFrameworksBuildPhase;
			buildActionMask = 2147483647;
			files = (
			);
			runOnlyForDeploymentPostprocessing = 0;
		};
/* End PBXFrameworksBuildPhase section */

/* Begin PBXGroup section */
		4EB53F0D2D7643F4004C85E9 = {
			isa = PBXGroup;
			children = (
				4EB53F532D76A6B6004C85E9 /* Assets.xcassets */,
				4EB53F182D7643F4004C85E9 /* Fetch_TakeHome */,
				4EB53F2C2D7643F5004C85E9 /* Fetch_TakeHomeTests */,
				4EB53F362D7643F5004C85E9 /* Fetch_TakeHomeUITests */,
				4EB53F172D7643F4004C85E9 /* Products */,
			);
			sourceTree = "<group>";
		};
		4EB53F172D7643F4004C85E9 /* Products */ = {
			isa = PBXGroup;
			children = (
				4EB53F162D7643F4004C85E9 /* Fetch_TakeHome.app */,
				4EB53F292D7643F5004C85E9 /* Fetch_TakeHomeTests.xctest */,
				4EB53F332D7643F5004C85E9 /* Fetch_TakeHomeUITests.xctest */,
			);
			name = Products;
			sourceTree = "<group>";
		};
/* End PBXGroup section */

/* Begin PBXNativeTarget section */
		4EB53F152D7643F4004C85E9 /* Fetch_TakeHome */ = {
			isa = PBXNativeTarget;
			buildConfigurationList = 4EB53F3D2D7643F5004C85E9 /* Build configuration list for PBXNativeTarget "Fetch_TakeHome" */;
			buildPhases = (
				4EB53F122D7643F4004C85E9 /* Sources */,
				4EB53F132D7643F4004C85E9 /* Frameworks */,
				4EB53F142D7643F4004C85E9 /* Resources */,
			);
			buildRules = (
				4EB53F552D76AE38004C85E9 /* PBXBuildRule */,
			);
			dependencies = (
			);
			fileSystemSynchronizedGroups = (
				4EB53F182D7643F4004C85E9 /* Fetch_TakeHome */,
			);
			name = Fetch_TakeHome;
			packageProductDependencies = (
			);
			productName = Fetch_TakeHome;
			productReference = 4EB53F162D7643F4004C85E9 /* Fetch_TakeHome.app */;
			productType = "com.apple.product-type.application";
		};
		4EB53F282D7643F5004C85E9 /* Fetch_TakeHomeTests */ = {
			isa = PBXNativeTarget;
			buildConfigurationList = 4EB53F402D7643F5004C85E9 /* Build configuration list for PBXNativeTarget "Fetch_TakeHomeTests" */;
			buildPhases = (
				4EB53F252D7643F5004C85E9 /* Sources */,
				4EB53F262D7643F5004C85E9 /* Frameworks */,
				4EB53F272D7643F5004C85E9 /* Resources */,
			);
			buildRules = (
			);
			dependencies = (
				4EB53F2B2D7643F5004C85E9 /* PBXTargetDependency */,
			);
			fileSystemSynchronizedGroups = (
				4EB53F2C2D7643F5004C85E9 /* Fetch_TakeHomeTests */,
			);
			name = Fetch_TakeHomeTests;
			packageProductDependencies = (
			);
			productName = Fetch_TakeHomeTests;
			productReference = 4EB53F292D7643F5004C85E9 /* Fetch_TakeHomeTests.xctest */;
			productType = "com.apple.product-type.bundle.unit-test";
		};
		4EB53F322D7643F5004C85E9 /* Fetch_TakeHomeUITests */ = {
			isa = PBXNativeTarget;
			buildConfigurationList = 4EB53F432D7643F5004C85E9 /* Build configuration list for PBXNativeTarget "Fetch_TakeHomeUITests" */;
			buildPhases = (
				4EB53F2F2D7643F5004C85E9 /* Sources */,
				4EB53F302D7643F5004C85E9 /* Frameworks */,
				4EB53F312D7643F5004C85E9 /* Resources */,
			);
			buildRules = (
			);
			dependencies = (
				4EB53F352D7643F5004C85E9 /* PBXTargetDependency */,
			);
			fileSystemSynchronizedGroups = (
				4EB53F362D7643F5004C85E9 /* Fetch_TakeHomeUITests */,
			);
			name = Fetch_TakeHomeUITests;
			packageProductDependencies = (
			);
			productName = Fetch_TakeHomeUITests;
			productReference = 4EB53F332D7643F5004C85E9 /* Fetch_TakeHomeUITests.xctest */;
			productType = "com.apple.product-type.bundle.ui-testing";
		};
/* End PBXNativeTarget section */

/* Begin PBXProject section */
		4EB53F0E2D7643F4004C85E9 /* Project object */ = {
			isa = PBXProject;
			attributes = {
				BuildIndependentTargetsInParallel = 1;
				LastSwiftUpdateCheck = 1620;
				LastUpgradeCheck = 1620;
				TargetAttributes = {
					4EB53F152D7643F4004C85E9 = {
						CreatedOnToolsVersion = 16.2;
					};
					4EB53F282D7643F5004C85E9 = {
						CreatedOnToolsVersion = 16.2;
						TestTargetID = 4EB53F152D7643F4004C85E9;
					};
					4EB53F322D7643F5004C85E9 = {
						CreatedOnToolsVersion = 16.2;
						TestTargetID = 4EB53F152D7643F4004C85E9;
					};
				};
			};
			buildConfigurationList = 4EB53F112D7643F4004C85E9 /* Build configuration list for PBXProject "Fetch_TakeHome" */;
			developmentRegion = en;
			hasScannedForEncodings = 0;
			knownRegions = (
				en,
				Base,
			);
			mainGroup = 4EB53F0D2D7643F4004C85E9;
			minimizedProjectReferenceProxies = 1;
			preferredProjectObjectVersion = 77;
			productRefGroup = 4EB53F172D7643F4004C85E9 /* Products */;
			projectDirPath = "";
			projectRoot = "";
			targets = (
				4EB53F152D7643F4004C85E9 /* Fetch_TakeHome */,
				4EB53F282D7643F5004C85E9 /* Fetch_TakeHomeTests */,
				4EB53F322D7643F5004C85E9 /* Fetch_TakeHomeUITests */,
			);
		};
/* End PBXProject section */

/* Begin PBXResourcesBuildPhase section */
		4EB53F142D7643F4004C85E9 /* Resources */ = {
			isa = PBXResourcesBuildPhase;
			buildActionMask = 2147483647;
			files = (
				4EB53F542D76A6B6004C85E9 /* Assets.xcassets in Resources */,
			);
			runOnlyForDeploymentPostprocessing = 0;
		};
		4EB53F272D7643F5004C85E9 /* Resources */ = {
			isa = PBXResourcesBuildPhase;
			buildActionMask = 2147483647;
			files = (
			);
			runOnlyForDeploymentPostprocessing = 0;
		};
		4EB53F312D7643F5004C85E9 /* Resources */ = {
			isa = PBXResourcesBuildPhase;
			buildActionMask = 2147483647;
			files = (
			);
			runOnlyForDeploymentPostprocessing = 0;
		};
/* End PBXResourcesBuildPhase section */

/* Begin PBXSourcesBuildPhase section */
		4EB53F122D7643F4004C85E9 /* Sources */ = {
			isa = PBXSourcesBuildPhase;
			buildActionMask = 2147483647;
			files = (
			);
			runOnlyForDeploymentPostprocessing = 0;
		};
		4EB53F252D7643F5004C85E9 /* Sources */ = {
			isa = PBXSourcesBuildPhase;
			buildActionMask = 2147483647;
			files = (
			);
			runOnlyForDeploymentPostprocessing = 0;
		};
		4EB53F2F2D7643F5004C85E9 /* Sources */ = {
			isa = PBXSourcesBuildPhase;
			buildActionMask = 2147483647;
			files = (
			);
			runOnlyForDeploymentPostprocessing = 0;
		};
/* End PBXSourcesBuildPhase section */

/* Begin PBXTargetDependency section */
		4EB53F2B2D7643F5004C85E9 /* PBXTargetDependency */ = {
			isa = PBXTargetDependency;
			target = 4EB53F152D7643F4004C85E9 /* Fetch_TakeHome */;
			targetProxy = 4EB53F2A2D7643F5004C85E9 /* PBXContainerItemProxy */;
		};
		4EB53F352D7643F5004C85E9 /* PBXTargetDependency */ = {
			isa = PBXTargetDependency;
			target = 4EB53F152D7643F4004C85E9 /* Fetch_TakeHome */;
			targetProxy = 4EB53F342D7643F5004C85E9 /* PBXContainerItemProxy */;
		};
/* End PBXTargetDependency section */

/* Begin XCBuildConfiguration section */
		4EB53F3B2D7643F5004C85E9 /* Debug */ = {
			isa = XCBuildConfiguration;
			buildSettings = {
				ALWAYS_SEARCH_USER_PATHS = NO;
				ASSETCATALOG_COMPILER_GENERATE_SWIFT_ASSET_SYMBOL_EXTENSIONS = YES;
				CLANG_ANALYZER_NONNULL = YES;
				CLANG_ANALYZER_NUMBER_OBJECT_CONVERSION = YES_AGGRESSIVE;
				CLANG_CXX_LANGUAGE_STANDARD = "gnu++20";
				CLANG_ENABLE_MODULES = YES;
				CLANG_ENABLE_OBJC_ARC = YES;
				CLANG_ENABLE_OBJC_WEAK = YES;
				CLANG_WARN_BLOCK_CAPTURE_AUTORELEASING = YES;
				CLANG_WARN_BOOL_CONVERSION = YES;
				CLANG_WARN_COMMA = YES;
				CLANG_WARN_CONSTANT_CONVERSION = YES;
				CLANG_WARN_DEPRECATED_OBJC_IMPLEMENTATIONS = YES;
				CLANG_WARN_DIRECT_OBJC_ISA_USAGE = YES_ERROR;
				CLANG_WARN_DOCUMENTATION_COMMENTS = YES;
				CLANG_WARN_EMPTY_BODY = YES;
				CLANG_WARN_ENUM_CONVERSION = YES;
				CLANG_WARN_INFINITE_RECURSION = YES;
				CLANG_WARN_INT_CONVERSION = YES;
				CLANG_WARN_NON_LITERAL_NULL_CONVERSION = YES;
				CLANG_WARN_OBJC_IMPLICIT_RETAIN_SELF = YES;
				CLANG_WARN_OBJC_LITERAL_CONVERSION = YES;
				CLANG_WARN_OBJC_ROOT_CLASS = YES_ERROR;
				CLANG_WARN_QUOTED_INCLUDE_IN_FRAMEWORK_HEADER = YES;
				CLANG_WARN_RANGE_LOOP_ANALYSIS = YES;
				CLANG_WARN_STRICT_PROTOTYPES = YES;
				CLANG_WARN_SUSPICIOUS_MOVE = YES;
				CLANG_WARN_UNGUARDED_AVAILABILITY = YES_AGGRESSIVE;
				CLANG_WARN_UNREACHABLE_CODE = YES;
				CLANG_WARN__DUPLICATE_METHOD_MATCH = YES;
				COPY_PHASE_STRIP = NO;
				DEBUG_INFORMATION_FORMAT = dwarf;
				ENABLE_STRICT_OBJC_MSGSEND = YES;
				ENABLE_TESTABILITY = YES;
				ENABLE_USER_SCRIPT_SANDBOXING = YES;
				GCC_C_LANGUAGE_STANDARD = gnu17;
				GCC_DYNAMIC_NO_PIC = NO;
				GCC_NO_COMMON_BLOCKS = YES;
				GCC_OPTIMIZATION_LEVEL = 0;
				GCC_PREPROCESSOR_DEFINITIONS = (
					"DEBUG=1",
					"$(inherited)",
				);
				GCC_WARN_64_TO_32_BIT_CONVERSION = YES;
				GCC_WARN_ABOUT_RETURN_TYPE = YES_ERROR;
				GCC_WARN_UNDECLARED_SELECTOR = YES;
				GCC_WARN_UNINITIALIZED_AUTOS = YES_AGGRESSIVE;
				GCC_WARN_UNUSED_FUNCTION = YES;
				GCC_WARN_UNUSED_VARIABLE = YES;
				LOCALIZATION_PREFERS_STRING_CATALOGS = YES;
				MTL_ENABLE_DEBUG_INFO = INCLUDE_SOURCE;
				MTL_FAST_MATH = YES;
				ONLY_ACTIVE_ARCH = YES;
				SWIFT_ACTIVE_COMPILATION_CONDITIONS = "DEBUG $(inherited)";
				SWIFT_OPTIMIZATION_LEVEL = "-Onone";
			};
			name = Debug;
		};
		4EB53F3C2D7643F5004C85E9 /* Release */ = {
			isa = XCBuildConfiguration;
			buildSettings = {
				ALWAYS_SEARCH_USER_PATHS = NO;
				ASSETCATALOG_COMPILER_GENERATE_SWIFT_ASSET_SYMBOL_EXTENSIONS = YES;
				CLANG_ANALYZER_NONNULL = YES;
				CLANG_ANALYZER_NUMBER_OBJECT_CONVERSION = YES_AGGRESSIVE;
				CLANG_CXX_LANGUAGE_STANDARD = "gnu++20";
				CLANG_ENABLE_MODULES = YES;
				CLANG_ENABLE_OBJC_ARC = YES;
				CLANG_ENABLE_OBJC_WEAK = YES;
				CLANG_WARN_BLOCK_CAPTURE_AUTORELEASING = YES;
				CLANG_WARN_BOOL_CONVERSION = YES;
				CLANG_WARN_COMMA = YES;
				CLANG_WARN_CONSTANT_CONVERSION = YES;
				CLANG_WARN_DEPRECATED_OBJC_IMPLEMENTATIONS = YES;
				CLANG_WARN_DIRECT_OBJC_ISA_USAGE = YES_ERROR;
				CLANG_WARN_DOCUMENTATION_COMMENTS = YES;
				CLANG_WARN_EMPTY_BODY = YES;
				CLANG_WARN_ENUM_CONVERSION = YES;
				CLANG_WARN_INFINITE_RECURSION = YES;
				CLANG_WARN_INT_CONVERSION = YES;
				CLANG_WARN_NON_LITERAL_NULL_CONVERSION = YES;
				CLANG_WARN_OBJC_IMPLICIT_RETAIN_SELF = YES;
				CLANG_WARN_OBJC_LITERAL_CONVERSION = YES;
				CLANG_WARN_OBJC_ROOT_CLASS = YES_ERROR;
				CLANG_WARN_QUOTED_INCLUDE_IN_FRAMEWORK_HEADER = YES;
				CLANG_WARN_RANGE_LOOP_ANALYSIS = YES;
				CLANG_WARN_STRICT_PROTOTYPES = YES;
				CLANG_WARN_SUSPICIOUS_MOVE = YES;
				CLANG_WARN_UNGUARDED_AVAILABILITY = YES_AGGRESSIVE;
				CLANG_WARN_UNREACHABLE_CODE = YES;
				CLANG_WARN__DUPLICATE_METHOD_MATCH = YES;
				COPY_PHASE_STRIP = NO;
				DEBUG_INFORMATION_FORMAT = "dwarf-with-dsym";
				ENABLE_NS_ASSERTIONS = NO;
				ENABLE_STRICT_OBJC_MSGSEND = YES;
				ENABLE_USER_SCRIPT_SANDBOXING = YES;
				GCC_C_LANGUAGE_STANDARD = gnu17;
				GCC_NO_COMMON_BLOCKS = YES;
				GCC_WARN_64_TO_32_BIT_CONVERSION = YES;
				GCC_WARN_ABOUT_RETURN_TYPE = YES_ERROR;
				GCC_WARN_UNDECLARED_SELECTOR = YES;
				GCC_WARN_UNINITIALIZED_AUTOS = YES_AGGRESSIVE;
				GCC_WARN_UNUSED_FUNCTION = YES;
				GCC_WARN_UNUSED_VARIABLE = YES;
				LOCALIZATION_PREFERS_STRING_CATALOGS = YES;
				MTL_ENABLE_DEBUG_INFO = NO;
				MTL_FAST_MATH = YES;
				SWIFT_COMPILATION_MODE = wholemodule;
			};
			name = Release;
		};
		4EB53F3E2D7643F5004C85E9 /* Debug */ = {
			isa = XCBuildConfiguration;
			buildSettings = {
				ASSETCATALOG_COMPILER_APPICON_NAME = AppIcon;
				ASSETCATALOG_COMPILER_GLOBAL_ACCENT_COLOR_NAME = AccentColor;
				CODE_SIGN_ENTITLEMENTS = Fetch_TakeHome/Fetch_TakeHome.entitlements;
				CODE_SIGN_STYLE = Automatic;
				CURRENT_PROJECT_VERSION = 1;
				DEVELOPMENT_TEAM = 6G8ZM82SQ6;
				ENABLE_HARDENED_RUNTIME = YES;
				ENABLE_PREVIEWS = YES;
				GENERATE_INFOPLIST_FILE = YES;
				"INFOPLIST_KEY_UIApplicationSceneManifest_Generation[sdk=iphoneos*]" = YES;
				"INFOPLIST_KEY_UIApplicationSceneManifest_Generation[sdk=iphonesimulator*]" = YES;
				"INFOPLIST_KEY_UIApplicationSupportsIndirectInputEvents[sdk=iphoneos*]" = YES;
				"INFOPLIST_KEY_UIApplicationSupportsIndirectInputEvents[sdk=iphonesimulator*]" = YES;
				"INFOPLIST_KEY_UILaunchScreen_Generation[sdk=iphoneos*]" = YES;
				"INFOPLIST_KEY_UILaunchScreen_Generation[sdk=iphonesimulator*]" = YES;
				"INFOPLIST_KEY_UIStatusBarStyle[sdk=iphoneos*]" = UIStatusBarStyleDefault;
				"INFOPLIST_KEY_UIStatusBarStyle[sdk=iphonesimulator*]" = UIStatusBarStyleDefault;
				INFOPLIST_KEY_UISupportedInterfaceOrientations_iPad = "UIInterfaceOrientationPortrait UIInterfaceOrientationPortraitUpsideDown UIInterfaceOrientationLandscapeLeft UIInterfaceOrientationLandscapeRight";
				INFOPLIST_KEY_UISupportedInterfaceOrientations_iPhone = "UIInterfaceOrientationPortrait UIInterfaceOrientationLandscapeLeft UIInterfaceOrientationLandscapeRight";
				IPHONEOS_DEPLOYMENT_TARGET = 18.2;
				LD_RUNPATH_SEARCH_PATHS = "@executable_path/Frameworks";
				"LD_RUNPATH_SEARCH_PATHS[sdk=macosx*]" = "@executable_path/../Frameworks";
				MACOSX_DEPLOYMENT_TARGET = 14.0;
				MARKETING_VERSION = 1.0;
				PRODUCT_BUNDLE_IDENTIFIER = "mnuzzolo.Fetch-TakeHome";
				PRODUCT_NAME = "$(TARGET_NAME)";
				SDKROOT = auto;
				SUPPORTED_PLATFORMS = "iphoneos iphonesimulator macosx xros xrsimulator";
				SWIFT_EMIT_LOC_STRINGS = YES;
				SWIFT_VERSION = 5.0;
				TARGETED_DEVICE_FAMILY = "1,2,7";
				XROS_DEPLOYMENT_TARGET = 2.2;
			};
			name = Debug;
		};
		4EB53F3F2D7643F5004C85E9 /* Release */ = {
			isa = XCBuildConfiguration;
			buildSettings = {
				ASSETCATALOG_COMPILER_APPICON_NAME = AppIcon;
				ASSETCATALOG_COMPILER_GLOBAL_ACCENT_COLOR_NAME = AccentColor;
				CODE_SIGN_ENTITLEMENTS = Fetch_TakeHome/Fetch_TakeHome.entitlements;
				CODE_SIGN_STYLE = Automatic;
				CURRENT_PROJECT_VERSION = 1;
				DEVELOPMENT_TEAM = 6G8ZM82SQ6;
				ENABLE_HARDENED_RUNTIME = YES;
				ENABLE_PREVIEWS = YES;
				GENERATE_INFOPLIST_FILE = YES;
				"INFOPLIST_KEY_UIApplicationSceneManifest_Generation[sdk=iphoneos*]" = YES;
				"INFOPLIST_KEY_UIApplicationSceneManifest_Generation[sdk=iphonesimulator*]" = YES;
				"INFOPLIST_KEY_UIApplicationSupportsIndirectInputEvents[sdk=iphoneos*]" = YES;
				"INFOPLIST_KEY_UIApplicationSupportsIndirectInputEvents[sdk=iphonesimulator*]" = YES;
				"INFOPLIST_KEY_UILaunchScreen_Generation[sdk=iphoneos*]" = YES;
				"INFOPLIST_KEY_UILaunchScreen_Generation[sdk=iphonesimulator*]" = YES;
				"INFOPLIST_KEY_UIStatusBarStyle[sdk=iphoneos*]" = UIStatusBarStyleDefault;
				"INFOPLIST_KEY_UIStatusBarStyle[sdk=iphonesimulator*]" = UIStatusBarStyleDefault;
				INFOPLIST_KEY_UISupportedInterfaceOrientations_iPad = "UIInterfaceOrientationPortrait UIInterfaceOrientationPortraitUpsideDown UIInterfaceOrientationLandscapeLeft UIInterfaceOrientationLandscapeRight";
				INFOPLIST_KEY_UISupportedInterfaceOrientations_iPhone = "UIInterfaceOrientationPortrait UIInterfaceOrientationLandscapeLeft UIInterfaceOrientationLandscapeRight";
				IPHONEOS_DEPLOYMENT_TARGET = 18.2;
				LD_RUNPATH_SEARCH_PATHS = "@executable_path/Frameworks";
				"LD_RUNPATH_SEARCH_PATHS[sdk=macosx*]" = "@executable_path/../Frameworks";
				MACOSX_DEPLOYMENT_TARGET = 14.0;
				MARKETING_VERSION = 1.0;
				PRODUCT_BUNDLE_IDENTIFIER = "mnuzzolo.Fetch-TakeHome";
				PRODUCT_NAME = "$(TARGET_NAME)";
				SDKROOT = auto;
				SUPPORTED_PLATFORMS = "iphoneos iphonesimulator macosx xros xrsimulator";
				SWIFT_EMIT_LOC_STRINGS = YES;
				SWIFT_VERSION = 5.0;
				TARGETED_DEVICE_FAMILY = "1,2,7";
				XROS_DEPLOYMENT_TARGET = 2.2;
			};
			name = Release;
		};
		4EB53F412D7643F5004C85E9 /* Debug */ = {
			isa = XCBuildConfiguration;
			buildSettings = {
				BUNDLE_LOADER = "$(TEST_HOST)";
				CODE_SIGN_STYLE = Automatic;
				CURRENT_PROJECT_VERSION = 1;
				DEVELOPMENT_TEAM = 6G8ZM82SQ6;
				GENERATE_INFOPLIST_FILE = YES;
				IPHONEOS_DEPLOYMENT_TARGET = 18.2;
				MACOSX_DEPLOYMENT_TARGET = 15.2;
				MARKETING_VERSION = 1.0;
				PRODUCT_BUNDLE_IDENTIFIER = "mnuzzolo.Fetch-TakeHomeTests";
				PRODUCT_NAME = "$(TARGET_NAME)";
				SDKROOT = auto;
				SUPPORTED_PLATFORMS = "iphoneos iphonesimulator macosx xros xrsimulator";
				SWIFT_EMIT_LOC_STRINGS = NO;
				SWIFT_VERSION = 5.0;
				TARGETED_DEVICE_FAMILY = "1,2,7";
				TEST_HOST = "$(BUILT_PRODUCTS_DIR)/Fetch_TakeHome.app/$(BUNDLE_EXECUTABLE_FOLDER_PATH)/Fetch_TakeHome";
				XROS_DEPLOYMENT_TARGET = 2.2;
			};
			name = Debug;
		};
		4EB53F422D7643F5004C85E9 /* Release */ = {
			isa = XCBuildConfiguration;
			buildSettings = {
				BUNDLE_LOADER = "$(TEST_HOST)";
				CODE_SIGN_STYLE = Automatic;
				CURRENT_PROJECT_VERSION = 1;
				DEVELOPMENT_TEAM = 6G8ZM82SQ6;
				GENERATE_INFOPLIST_FILE = YES;
				IPHONEOS_DEPLOYMENT_TARGET = 18.2;
				MACOSX_DEPLOYMENT_TARGET = 15.2;
				MARKETING_VERSION = 1.0;
				PRODUCT_BUNDLE_IDENTIFIER = "mnuzzolo.Fetch-TakeHomeTests";
				PRODUCT_NAME = "$(TARGET_NAME)";
				SDKROOT = auto;
				SUPPORTED_PLATFORMS = "iphoneos iphonesimulator macosx xros xrsimulator";
				SWIFT_EMIT_LOC_STRINGS = NO;
				SWIFT_VERSION = 5.0;
				TARGETED_DEVICE_FAMILY = "1,2,7";
				TEST_HOST = "$(BUILT_PRODUCTS_DIR)/Fetch_TakeHome.app/$(BUNDLE_EXECUTABLE_FOLDER_PATH)/Fetch_TakeHome";
				XROS_DEPLOYMENT_TARGET = 2.2;
			};
			name = Release;
		};
		4EB53F442D7643F5004C85E9 /* Debug */ = {
			isa = XCBuildConfiguration;
			buildSettings = {
				CODE_SIGN_STYLE = Automatic;
				CURRENT_PROJECT_VERSION = 1;
				DEVELOPMENT_TEAM = 6G8ZM82SQ6;
				GENERATE_INFOPLIST_FILE = YES;
				IPHONEOS_DEPLOYMENT_TARGET = 18.2;
				MACOSX_DEPLOYMENT_TARGET = 15.2;
				MARKETING_VERSION = 1.0;
				PRODUCT_BUNDLE_IDENTIFIER = "mnuzzolo.Fetch-TakeHomeUITests";
				PRODUCT_NAME = "$(TARGET_NAME)";
				SDKROOT = auto;
				SUPPORTED_PLATFORMS = "iphoneos iphonesimulator macosx xros xrsimulator";
				SWIFT_EMIT_LOC_STRINGS = NO;
				SWIFT_VERSION = 5.0;
				TARGETED_DEVICE_FAMILY = "1,2,7";
				TEST_TARGET_NAME = Fetch_TakeHome;
				XROS_DEPLOYMENT_TARGET = 2.2;
			};
			name = Debug;
		};
		4EB53F452D7643F5004C85E9 /* Release */ = {
			isa = XCBuildConfiguration;
			buildSettings = {
				CODE_SIGN_STYLE = Automatic;
				CURRENT_PROJECT_VERSION = 1;
				DEVELOPMENT_TEAM = 6G8ZM82SQ6;
				GENERATE_INFOPLIST_FILE = YES;
				IPHONEOS_DEPLOYMENT_TARGET = 18.2;
				MACOSX_DEPLOYMENT_TARGET = 15.2;
				MARKETING_VERSION = 1.0;
				PRODUCT_BUNDLE_IDENTIFIER = "mnuzzolo.Fetch-TakeHomeUITests";
				PRODUCT_NAME = "$(TARGET_NAME)";
				SDKROOT = auto;
				SUPPORTED_PLATFORMS = "iphoneos iphonesimulator macosx xros xrsimulator";
				SWIFT_EMIT_LOC_STRINGS = NO;
				SWIFT_VERSION = 5.0;
				TARGETED_DEVICE_FAMILY = "1,2,7";
				TEST_TARGET_NAME = Fetch_TakeHome;
				XROS_DEPLOYMENT_TARGET = 2.2;
			};
			name = Release;
		};
/* End XCBuildConfiguration section */

/* Begin XCConfigurationList section */
		4EB53F112D7643F4004C85E9 /* Build configuration list for PBXProject "Fetch_TakeHome" */ = {
			isa = XCConfigurationList;
			buildConfigurations = (
				4EB53F3B2D7643F5004C85E9 /* Debug */,
				4EB53F3C2D7643F5004C85E9 /* Release */,
			);
			defaultConfigurationIsVisible = 0;
			defaultConfigurationName = Release;
		};
		4EB53F3D2D7643F5004C85E9 /* Build configuration list for PBXNativeTarget "Fetch_TakeHome" */ = {
			isa = XCConfigurationList;
			buildConfigurations = (
				4EB53F3E2D7643F5004C85E9 /* Debug */,
				4EB53F3F2D7643F5004C85E9 /* Release */,
			);
			defaultConfigurationIsVisible = 0;
			defaultConfigurationName = Release;
		};
		4EB53F402D7643F5004C85E9 /* Build configuration list for PBXNativeTarget "Fetch_TakeHomeTests" */ = {
			isa = XCConfigurationList;
			buildConfigurations = (
				4EB53F412D7643F5004C85E9 /* Debug */,
				4EB53F422D7643F5004C85E9 /* Release */,
			);
			defaultConfigurationIsVisible = 0;
			defaultConfigurationName = Release;
		};
		4EB53F432D7643F5004C85E9 /* Build configuration list for PBXNativeTarget "Fetch_TakeHomeUITests" */ = {
			isa = XCConfigurationList;
			buildConfigurations = (
				4EB53F442D7643F5004C85E9 /* Debug */,
				4EB53F452D7643F5004C85E9 /* Release */,
			);
			defaultConfigurationIsVisible = 0;
			defaultConfigurationName = Release;
		};
/* End XCConfigurationList section */
	};
	rootObject = 4EB53F0E2D7643F4004C85E9 /* Project object */;
}
